// !$*UTF8*$!
{
	archiveVersion = 1;
	classes = {
	};
	objectVersion = 56;
	objects = {

/* Begin PBXBuildFile section */
		4B1003AB2C454E3F00E2CD02 /* SDWebImage in Frameworks */ = {isa = PBXBuildFile; productRef = 4B1003AA2C454E3F00E2CD02 /* SDWebImage */; };
		4B1003AD2C454E3F00E2CD02 /* SDWebImageMapKit in Frameworks */ = {isa = PBXBuildFile; productRef = 4B1003AC2C454E3F00E2CD02 /* SDWebImageMapKit */; };
		4B1003B02C454E9600E2CD02 /* SDWebImageSwiftUI in Frameworks */ = {isa = PBXBuildFile; productRef = 4B1003AF2C454E9600E2CD02 /* SDWebImageSwiftUI */; };
		4B3D60052C5603B5005980F8 /* MovieModel.swift in Sources */ = {isa = PBXBuildFile; fileRef = 4B3D60042C5603B5005980F8 /* MovieModel.swift */; };
		4B3D60092C5604D1005980F8 /* dummy_movies_data.json in Resources */ = {isa = PBXBuildFile; fileRef = 4B3D60082C5604D1005980F8 /* dummy_movies_data.json */; };
		4B3D600B2C560544005980F8 /* MoviesViewModel.swift in Sources */ = {isa = PBXBuildFile; fileRef = 4B3D600A2C560544005980F8 /* MoviesViewModel.swift */; };
		4B3D600D2C560668005980F8 /* MoviesView.swift in Sources */ = {isa = PBXBuildFile; fileRef = 4B3D600C2C560668005980F8 /* MoviesView.swift */; };
		4BE1A0F02C575990001BE922 /* MoreMenuView.swift in Sources */ = {isa = PBXBuildFile; fileRef = 4BE1A0EF2C575990001BE922 /* MoreMenuView.swift */; };
		F5B326FC2C453F190044983E /* GridViewDemoApp.swift in Sources */ = {isa = PBXBuildFile; fileRef = F5B326FB2C453F190044983E /* GridViewDemoApp.swift */; };
		F5B326FE2C453F190044983E /* ContentView.swift in Sources */ = {isa = PBXBuildFile; fileRef = F5B326FD2C453F190044983E /* ContentView.swift */; };
		F5B327002C453F1A0044983E /* Assets.xcassets in Resources */ = {isa = PBXBuildFile; fileRef = F5B326FF2C453F1A0044983E /* Assets.xcassets */; };
		F5B327032C453F1A0044983E /* Preview Assets.xcassets in Resources */ = {isa = PBXBuildFile; fileRef = F5B327022C453F1A0044983E /* Preview Assets.xcassets */; };
		F5B3270D2C453F1A0044983E /* GridViewDemoTests.swift in Sources */ = {isa = PBXBuildFile; fileRef = F5B3270C2C453F1A0044983E /* GridViewDemoTests.swift */; };
		F5B327172C453F1A0044983E /* GridViewDemoUITests.swift in Sources */ = {isa = PBXBuildFile; fileRef = F5B327162C453F1A0044983E /* GridViewDemoUITests.swift */; };
		F5B327192C453F1A0044983E /* GridViewDemoUITestsLaunchTests.swift in Sources */ = {isa = PBXBuildFile; fileRef = F5B327182C453F1A0044983E /* GridViewDemoUITestsLaunchTests.swift */; };
		F5B327262C453FE10044983E /* dummy_web_series.json in Resources */ = {isa = PBXBuildFile; fileRef = F5B327252C453FE10044983E /* dummy_web_series.json */; };
		F5B327282C4540100044983E /* WebSeriesModel.swift in Sources */ = {isa = PBXBuildFile; fileRef = F5B327272C4540100044983E /* WebSeriesModel.swift */; };
		F5B3272A2C4540310044983E /* WebSeriesView.swift in Sources */ = {isa = PBXBuildFile; fileRef = F5B327292C4540310044983E /* WebSeriesView.swift */; };
		F5B3272C2C4540520044983E /* WebSeriesViewModel.swift in Sources */ = {isa = PBXBuildFile; fileRef = F5B3272B2C4540520044983E /* WebSeriesViewModel.swift */; };
/* End PBXBuildFile section */

/* Begin PBXContainerItemProxy section */
		F5B327092C453F1A0044983E /* PBXContainerItemProxy */ = {
			isa = PBXContainerItemProxy;
			containerPortal = F5B326F02C453F190044983E /* Project object */;
			proxyType = 1;
			remoteGlobalIDString = F5B326F72C453F190044983E;
			remoteInfo = GridViewDemo;
		};
		F5B327132C453F1A0044983E /* PBXContainerItemProxy */ = {
			isa = PBXContainerItemProxy;
			containerPortal = F5B326F02C453F190044983E /* Project object */;
			proxyType = 1;
			remoteGlobalIDString = F5B326F72C453F190044983E;
			remoteInfo = GridViewDemo;
		};
/* End PBXContainerItemProxy section */

/* Begin PBXFileReference section */
		4B3D60042C5603B5005980F8 /* MovieModel.swift */ = {isa = PBXFileReference; lastKnownFileType = sourcecode.swift; path = MovieModel.swift; sourceTree = "<group>"; };
		4B3D60082C5604D1005980F8 /* dummy_movies_data.json */ = {isa = PBXFileReference; lastKnownFileType = text.json; path = dummy_movies_data.json; sourceTree = "<group>"; xcLanguageSpecificationIdentifier = xcode.lang.json; };
		4B3D600A2C560544005980F8 /* MoviesViewModel.swift */ = {isa = PBXFileReference; lastKnownFileType = sourcecode.swift; path = MoviesViewModel.swift; sourceTree = "<group>"; };
		4B3D600C2C560668005980F8 /* MoviesView.swift */ = {isa = PBXFileReference; lastKnownFileType = sourcecode.swift; path = MoviesView.swift; sourceTree = "<group>"; };
		4BE1A0EF2C575990001BE922 /* MoreMenuView.swift */ = {isa = PBXFileReference; lastKnownFileType = sourcecode.swift; path = MoreMenuView.swift; sourceTree = "<group>"; };
		F5B326F82C453F190044983E /* GridViewDemo.app */ = {isa = PBXFileReference; explicitFileType = wrapper.application; includeInIndex = 0; path = GridViewDemo.app; sourceTree = BUILT_PRODUCTS_DIR; };
		F5B326FB2C453F190044983E /* GridViewDemoApp.swift */ = {isa = PBXFileReference; lastKnownFileType = sourcecode.swift; path = GridViewDemoApp.swift; sourceTree = "<group>"; };
		F5B326FD2C453F190044983E /* ContentView.swift */ = {isa = PBXFileReference; lastKnownFileType = sourcecode.swift; path = ContentView.swift; sourceTree = "<group>"; };
		F5B326FF2C453F1A0044983E /* Assets.xcassets */ = {isa = PBXFileReference; lastKnownFileType = folder.assetcatalog; path = Assets.xcassets; sourceTree = "<group>"; };
		F5B327022C453F1A0044983E /* Preview Assets.xcassets */ = {isa = PBXFileReference; lastKnownFileType = folder.assetcatalog; path = "Preview Assets.xcassets"; sourceTree = "<group>"; };
		F5B327082C453F1A0044983E /* GridViewDemoTests.xctest */ = {isa = PBXFileReference; explicitFileType = wrapper.cfbundle; includeInIndex = 0; path = GridViewDemoTests.xctest; sourceTree = BUILT_PRODUCTS_DIR; };
		F5B3270C2C453F1A0044983E /* GridViewDemoTests.swift */ = {isa = PBXFileReference; lastKnownFileType = sourcecode.swift; path = GridViewDemoTests.swift; sourceTree = "<group>"; };
		F5B327122C453F1A0044983E /* GridViewDemoUITests.xctest */ = {isa = PBXFileReference; explicitFileType = wrapper.cfbundle; includeInIndex = 0; path = GridViewDemoUITests.xctest; sourceTree = BUILT_PRODUCTS_DIR; };
		F5B327162C453F1A0044983E /* GridViewDemoUITests.swift */ = {isa = PBXFileReference; lastKnownFileType = sourcecode.swift; path = GridViewDemoUITests.swift; sourceTree = "<group>"; };
		F5B327182C453F1A0044983E /* GridViewDemoUITestsLaunchTests.swift */ = {isa = PBXFileReference; lastKnownFileType = sourcecode.swift; path = GridViewDemoUITestsLaunchTests.swift; sourceTree = "<group>"; };
		F5B327252C453FE10044983E /* dummy_web_series.json */ = {isa = PBXFileReference; lastKnownFileType = text.json; path = dummy_web_series.json; sourceTree = "<group>"; };
		F5B327272C4540100044983E /* WebSeriesModel.swift */ = {isa = PBXFileReference; lastKnownFileType = sourcecode.swift; path = WebSeriesModel.swift; sourceTree = "<group>"; };
		F5B327292C4540310044983E /* WebSeriesView.swift */ = {isa = PBXFileReference; lastKnownFileType = sourcecode.swift; path = WebSeriesView.swift; sourceTree = "<group>"; };
		F5B3272B2C4540520044983E /* WebSeriesViewModel.swift */ = {isa = PBXFileReference; lastKnownFileType = sourcecode.swift; path = WebSeriesViewModel.swift; sourceTree = "<group>"; };
/* End PBXFileReference section */

/* Begin PBXFrameworksBuildPhase section */
		F5B326F52C453F190044983E /* Frameworks */ = {
			isa = PBXFrameworksBuildPhase;
			buildActionMask = 2147483647;
			files = (
				4B1003B02C454E9600E2CD02 /* SDWebImageSwiftUI in Frameworks */,
				4B1003AD2C454E3F00E2CD02 /* SDWebImageMapKit in Frameworks */,
				4B1003AB2C454E3F00E2CD02 /* SDWebImage in Frameworks */,
			);
			runOnlyForDeploymentPostprocessing = 0;
		};
		F5B327052C453F1A0044983E /* Frameworks */ = {
			isa = PBXFrameworksBuildPhase;
			buildActionMask = 2147483647;
			files = (
			);
			runOnlyForDeploymentPostprocessing = 0;
		};
		F5B3270F2C453F1A0044983E /* Frameworks */ = {
			isa = PBXFrameworksBuildPhase;
			buildActionMask = 2147483647;
			files = (
			);
			runOnlyForDeploymentPostprocessing = 0;
		};
/* End PBXFrameworksBuildPhase section */

/* Begin PBXGroup section */
		4B3D60022C560208005980F8 /* Web Series */ = {
			isa = PBXGroup;
			children = (
				F5B327272C4540100044983E /* WebSeriesModel.swift */,
				F5B327292C4540310044983E /* WebSeriesView.swift */,
				F5B3272B2C4540520044983E /* WebSeriesViewModel.swift */,
			);
			path = "Web Series";
			sourceTree = "<group>";
		};
		4B3D60032C56039F005980F8 /* Movies */ = {
			isa = PBXGroup;
			children = (
				4B3D60042C5603B5005980F8 /* MovieModel.swift */,
				4B3D600A2C560544005980F8 /* MoviesViewModel.swift */,
				4B3D600C2C560668005980F8 /* MoviesView.swift */,
			);
			path = Movies;
			sourceTree = "<group>";
		};
		4BE1A0EE2C57596A001BE922 /* More-Menu */ = {
			isa = PBXGroup;
			children = (
				4BE1A0EF2C575990001BE922 /* MoreMenuView.swift */,
			);
			path = "More-Menu";
			sourceTree = "<group>";
		};
		F5B326EF2C453F190044983E = {
			isa = PBXGroup;
			children = (
				F5B326FA2C453F190044983E /* GridViewDemo */,
				F5B3270B2C453F1A0044983E /* GridViewDemoTests */,
				F5B327152C453F1A0044983E /* GridViewDemoUITests */,
				F5B326F92C453F190044983E /* Products */,
			);
			sourceTree = "<group>";
		};
		F5B326F92C453F190044983E /* Products */ = {
			isa = PBXGroup;
			children = (
				F5B326F82C453F190044983E /* GridViewDemo.app */,
				F5B327082C453F1A0044983E /* GridViewDemoTests.xctest */,
				F5B327122C453F1A0044983E /* GridViewDemoUITests.xctest */,
			);
			name = Products;
			sourceTree = "<group>";
		};
		F5B326FA2C453F190044983E /* GridViewDemo */ = {
			isa = PBXGroup;
			children = (
				F5B326FB2C453F190044983E /* GridViewDemoApp.swift */,
				F5B326FD2C453F190044983E /* ContentView.swift */,
				4BE1A0EE2C57596A001BE922 /* More-Menu */,
				4B3D60032C56039F005980F8 /* Movies */,
				4B3D60022C560208005980F8 /* Web Series */,
				F5B326FF2C453F1A0044983E /* Assets.xcassets */,
				F5B327252C453FE10044983E /* dummy_web_series.json */,
				4B3D60082C5604D1005980F8 /* dummy_movies_data.json */,
				F5B327012C453F1A0044983E /* Preview Content */,
			);
			path = GridViewDemo;
			sourceTree = "<group>";
		};
		F5B327012C453F1A0044983E /* Preview Content */ = {
			isa = PBXGroup;
			children = (
				F5B327022C453F1A0044983E /* Preview Assets.xcassets */,
			);
			path = "Preview Content";
			sourceTree = "<group>";
		};
		F5B3270B2C453F1A0044983E /* GridViewDemoTests */ = {
			isa = PBXGroup;
			children = (
				F5B3270C2C453F1A0044983E /* GridViewDemoTests.swift */,
			);
			path = GridViewDemoTests;
			sourceTree = "<group>";
		};
		F5B327152C453F1A0044983E /* GridViewDemoUITests */ = {
			isa = PBXGroup;
			children = (
				F5B327162C453F1A0044983E /* GridViewDemoUITests.swift */,
				F5B327182C453F1A0044983E /* GridViewDemoUITestsLaunchTests.swift */,
			);
			path = GridViewDemoUITests;
			sourceTree = "<group>";
		};
/* End PBXGroup section */

/* Begin PBXNativeTarget section */
		F5B326F72C453F190044983E /* GridViewDemo */ = {
			isa = PBXNativeTarget;
			buildConfigurationList = F5B3271C2C453F1A0044983E /* Build configuration list for PBXNativeTarget "GridViewDemo" */;
			buildPhases = (
				F5B326F42C453F190044983E /* Sources */,
				F5B326F52C453F190044983E /* Frameworks */,
				F5B326F62C453F190044983E /* Resources */,
			);
			buildRules = (
			);
			dependencies = (
			);
			name = GridViewDemo;
			packageProductDependencies = (
				4B1003AA2C454E3F00E2CD02 /* SDWebImage */,
				4B1003AC2C454E3F00E2CD02 /* SDWebImageMapKit */,
				4B1003AF2C454E9600E2CD02 /* SDWebImageSwiftUI */,
			);
			productName = GridViewDemo;
			productReference = F5B326F82C453F190044983E /* GridViewDemo.app */;
			productType = "com.apple.product-type.application";
		};
		F5B327072C453F1A0044983E /* GridViewDemoTests */ = {
			isa = PBXNativeTarget;
			buildConfigurationList = F5B3271F2C453F1A0044983E /* Build configuration list for PBXNativeTarget "GridViewDemoTests" */;
			buildPhases = (
				F5B327042C453F1A0044983E /* Sources */,
				F5B327052C453F1A0044983E /* Frameworks */,
				F5B327062C453F1A0044983E /* Resources */,
			);
			buildRules = (
			);
			dependencies = (
				F5B3270A2C453F1A0044983E /* PBXTargetDependency */,
			);
			name = GridViewDemoTests;
			productName = GridViewDemoTests;
			productReference = F5B327082C453F1A0044983E /* GridViewDemoTests.xctest */;
			productType = "com.apple.product-type.bundle.unit-test";
		};
		F5B327112C453F1A0044983E /* GridViewDemoUITests */ = {
			isa = PBXNativeTarget;
			buildConfigurationList = F5B327222C453F1A0044983E /* Build configuration list for PBXNativeTarget "GridViewDemoUITests" */;
			buildPhases = (
				F5B3270E2C453F1A0044983E /* Sources */,
				F5B3270F2C453F1A0044983E /* Frameworks */,
				F5B327102C453F1A0044983E /* Resources */,
			);
			buildRules = (
			);
			dependencies = (
				F5B327142C453F1A0044983E /* PBXTargetDependency */,
			);
			name = GridViewDemoUITests;
			productName = GridViewDemoUITests;
			productReference = F5B327122C453F1A0044983E /* GridViewDemoUITests.xctest */;
			productType = "com.apple.product-type.bundle.ui-testing";
		};
/* End PBXNativeTarget section */

/* Begin PBXProject section */
		F5B326F02C453F190044983E /* Project object */ = {
			isa = PBXProject;
			attributes = {
				BuildIndependentTargetsInParallel = 1;
				LastSwiftUpdateCheck = 1510;
				LastUpgradeCheck = 1510;
				TargetAttributes = {
					F5B326F72C453F190044983E = {
						CreatedOnToolsVersion = 15.1;
					};
					F5B327072C453F1A0044983E = {
						CreatedOnToolsVersion = 15.1;
						TestTargetID = F5B326F72C453F190044983E;
					};
					F5B327112C453F1A0044983E = {
						CreatedOnToolsVersion = 15.1;
						TestTargetID = F5B326F72C453F190044983E;
					};
				};
			};
			buildConfigurationList = F5B326F32C453F190044983E /* Build configuration list for PBXProject "GridViewDemo" */;
			compatibilityVersion = "Xcode 14.0";
			developmentRegion = en;
			hasScannedForEncodings = 0;
			knownRegions = (
				en,
				Base,
			);
			mainGroup = F5B326EF2C453F190044983E;
			packageReferences = (
				4B1003A92C454DE700E2CD02 /* XCRemoteSwiftPackageReference "SDWebImage" */,
				4B1003AE2C454E9600E2CD02 /* XCRemoteSwiftPackageReference "SDWebImageSwiftUI" */,
			);
			productRefGroup = F5B326F92C453F190044983E /* Products */;
			projectDirPath = "";
			projectRoot = "";
			targets = (
				F5B326F72C453F190044983E /* GridViewDemo */,
				F5B327072C453F1A0044983E /* GridViewDemoTests */,
				F5B327112C453F1A0044983E /* GridViewDemoUITests */,
			);
		};
/* End PBXProject section */

/* Begin PBXResourcesBuildPhase section */
		F5B326F62C453F190044983E /* Resources */ = {
			isa = PBXResourcesBuildPhase;
			buildActionMask = 2147483647;
			files = (
				4B3D60092C5604D1005980F8 /* dummy_movies_data.json in Resources */,
				F5B327032C453F1A0044983E /* Preview Assets.xcassets in Resources */,
				F5B327002C453F1A0044983E /* Assets.xcassets in Resources */,
				F5B327262C453FE10044983E /* dummy_web_series.json in Resources */,
			);
			runOnlyForDeploymentPostprocessing = 0;
		};
		F5B327062C453F1A0044983E /* Resources */ = {
			isa = PBXResourcesBuildPhase;
			buildActionMask = 2147483647;
			files = (
			);
			runOnlyForDeploymentPostprocessing = 0;
		};
		F5B327102C453F1A0044983E /* Resources */ = {
			isa = PBXResourcesBuildPhase;
			buildActionMask = 2147483647;
			files = (
			);
			runOnlyForDeploymentPostprocessing = 0;
		};
/* End PBXResourcesBuildPhase section */

/* Begin PBXSourcesBuildPhase section */
		F5B326F42C453F190044983E /* Sources */ = {
			isa = PBXSourcesBuildPhase;
			buildActionMask = 2147483647;
			files = (
				4B3D60052C5603B5005980F8 /* MovieModel.swift in Sources */,
				4BE1A0F02C575990001BE922 /* MoreMenuView.swift in Sources */,
				4B3D600D2C560668005980F8 /* MoviesView.swift in Sources */,
				F5B326FE2C453F190044983E /* ContentView.swift in Sources */,
				F5B327282C4540100044983E /* WebSeriesModel.swift in Sources */,
				F5B3272A2C4540310044983E /* WebSeriesView.swift in Sources */,
				F5B326FC2C453F190044983E /* GridViewDemoApp.swift in Sources */,
				4B3D600B2C560544005980F8 /* MoviesViewModel.swift in Sources */,
				F5B3272C2C4540520044983E /* WebSeriesViewModel.swift in Sources */,
			);
			runOnlyForDeploymentPostprocessing = 0;
		};
		F5B327042C453F1A0044983E /* Sources */ = {
			isa = PBXSourcesBuildPhase;
			buildActionMask = 2147483647;
			files = (
				F5B3270D2C453F1A0044983E /* GridViewDemoTests.swift in Sources */,
			);
			runOnlyForDeploymentPostprocessing = 0;
		};
		F5B3270E2C453F1A0044983E /* Sources */ = {
			isa = PBXSourcesBuildPhase;
			buildActionMask = 2147483647;
			files = (
				F5B327192C453F1A0044983E /* GridViewDemoUITestsLaunchTests.swift in Sources */,
				F5B327172C453F1A0044983E /* GridViewDemoUITests.swift in Sources */,
			);
			runOnlyForDeploymentPostprocessing = 0;
		};
/* End PBXSourcesBuildPhase section */

/* Begin PBXTargetDependency section */
		F5B3270A2C453F1A0044983E /* PBXTargetDependency */ = {
			isa = PBXTargetDependency;
			target = F5B326F72C453F190044983E /* GridViewDemo */;
			targetProxy = F5B327092C453F1A0044983E /* PBXContainerItemProxy */;
		};
		F5B327142C453F1A0044983E /* PBXTargetDependency */ = {
			isa = PBXTargetDependency;
			target = F5B326F72C453F190044983E /* GridViewDemo */;
			targetProxy = F5B327132C453F1A0044983E /* PBXContainerItemProxy */;
		};
/* End PBXTargetDependency section */

/* Begin XCBuildConfiguration section */
		F5B3271A2C453F1A0044983E /* Debug */ = {
			isa = XCBuildConfiguration;
			buildSettings = {
				ALWAYS_SEARCH_USER_PATHS = NO;
				ASSETCATALOG_COMPILER_GENERATE_SWIFT_ASSET_SYMBOL_EXTENSIONS = YES;
				CLANG_ANALYZER_NONNULL = YES;
				CLANG_ANALYZER_NUMBER_OBJECT_CONVERSION = YES_AGGRESSIVE;
				CLANG_CXX_LANGUAGE_STANDARD = "gnu++20";
				CLANG_ENABLE_MODULES = YES;
				CLANG_ENABLE_OBJC_ARC = YES;
				CLANG_ENABLE_OBJC_WEAK = YES;
				CLANG_WARN_BLOCK_CAPTURE_AUTORELEASING = YES;
				CLANG_WARN_BOOL_CONVERSION = YES;
				CLANG_WARN_COMMA = YES;
				CLANG_WARN_CONSTANT_CONVERSION = YES;
				CLANG_WARN_DEPRECATED_OBJC_IMPLEMENTATIONS = YES;
				CLANG_WARN_DIRECT_OBJC_ISA_USAGE = YES_ERROR;
				CLANG_WARN_DOCUMENTATION_COMMENTS = YES;
				CLANG_WARN_EMPTY_BODY = YES;
				CLANG_WARN_ENUM_CONVERSION = YES;
				CLANG_WARN_INFINITE_RECURSION = YES;
				CLANG_WARN_INT_CONVERSION = YES;
				CLANG_WARN_NON_LITERAL_NULL_CONVERSION = YES;
				CLANG_WARN_OBJC_IMPLICIT_RETAIN_SELF = YES;
				CLANG_WARN_OBJC_LITERAL_CONVERSION = YES;
				CLANG_WARN_OBJC_ROOT_CLASS = YES_ERROR;
				CLANG_WARN_QUOTED_INCLUDE_IN_FRAMEWORK_HEADER = YES;
				CLANG_WARN_RANGE_LOOP_ANALYSIS = YES;
				CLANG_WARN_STRICT_PROTOTYPES = YES;
				CLANG_WARN_SUSPICIOUS_MOVE = YES;
				CLANG_WARN_UNGUARDED_AVAILABILITY = YES_AGGRESSIVE;
				CLANG_WARN_UNREACHABLE_CODE = YES;
				CLANG_WARN__DUPLICATE_METHOD_MATCH = YES;
				COPY_PHASE_STRIP = NO;
				DEBUG_INFORMATION_FORMAT = dwarf;
				ENABLE_STRICT_OBJC_MSGSEND = YES;
				ENABLE_TESTABILITY = YES;
				ENABLE_USER_SCRIPT_SANDBOXING = YES;
				GCC_C_LANGUAGE_STANDARD = gnu17;
				GCC_DYNAMIC_NO_PIC = NO;
				GCC_NO_COMMON_BLOCKS = YES;
				GCC_OPTIMIZATION_LEVEL = 0;
				GCC_PREPROCESSOR_DEFINITIONS = (
					"DEBUG=1",
					"$(inherited)",
				);
				GCC_WARN_64_TO_32_BIT_CONVERSION = YES;
				GCC_WARN_ABOUT_RETURN_TYPE = YES_ERROR;
				GCC_WARN_UNDECLARED_SELECTOR = YES;
				GCC_WARN_UNINITIALIZED_AUTOS = YES_AGGRESSIVE;
				GCC_WARN_UNUSED_FUNCTION = YES;
				GCC_WARN_UNUSED_VARIABLE = YES;
				IPHONEOS_DEPLOYMENT_TARGET = 17.2;
				LOCALIZATION_PREFERS_STRING_CATALOGS = YES;
				MTL_ENABLE_DEBUG_INFO = INCLUDE_SOURCE;
				MTL_FAST_MATH = YES;
				ONLY_ACTIVE_ARCH = YES;
				SDKROOT = iphoneos;
				SWIFT_ACTIVE_COMPILATION_CONDITIONS = "DEBUG $(inherited)";
				SWIFT_OPTIMIZATION_LEVEL = "-Onone";
			};
			name = Debug;
		};
		F5B3271B2C453F1A0044983E /* Release */ = {
			isa = XCBuildConfiguration;
			buildSettings = {
				ALWAYS_SEARCH_USER_PATHS = NO;
				ASSETCATALOG_COMPILER_GENERATE_SWIFT_ASSET_SYMBOL_EXTENSIONS = YES;
				CLANG_ANALYZER_NONNULL = YES;
				CLANG_ANALYZER_NUMBER_OBJECT_CONVERSION = YES_AGGRESSIVE;
				CLANG_CXX_LANGUAGE_STANDARD = "gnu++20";
				CLANG_ENABLE_MODULES = YES;
				CLANG_ENABLE_OBJC_ARC = YES;
				CLANG_ENABLE_OBJC_WEAK = YES;
				CLANG_WARN_BLOCK_CAPTURE_AUTORELEASING = YES;
				CLANG_WARN_BOOL_CONVERSION = YES;
				CLANG_WARN_COMMA = YES;
				CLANG_WARN_CONSTANT_CONVERSION = YES;
				CLANG_WARN_DEPRECATED_OBJC_IMPLEMENTATIONS = YES;
				CLANG_WARN_DIRECT_OBJC_ISA_USAGE = YES_ERROR;
				CLANG_WARN_DOCUMENTATION_COMMENTS = YES;
				CLANG_WARN_EMPTY_BODY = YES;
				CLANG_WARN_ENUM_CONVERSION = YES;
				CLANG_WARN_INFINITE_RECURSION = YES;
				CLANG_WARN_INT_CONVERSION = YES;
				CLANG_WARN_NON_LITERAL_NULL_CONVERSION = YES;
				CLANG_WARN_OBJC_IMPLICIT_RETAIN_SELF = YES;
				CLANG_WARN_OBJC_LITERAL_CONVERSION = YES;
				CLANG_WARN_OBJC_ROOT_CLASS = YES_ERROR;
				CLANG_WARN_QUOTED_INCLUDE_IN_FRAMEWORK_HEADER = YES;
				CLANG_WARN_RANGE_LOOP_ANALYSIS = YES;
				CLANG_WARN_STRICT_PROTOTYPES = YES;
				CLANG_WARN_SUSPICIOUS_MOVE = YES;
				CLANG_WARN_UNGUARDED_AVAILABILITY = YES_AGGRESSIVE;
				CLANG_WARN_UNREACHABLE_CODE = YES;
				CLANG_WARN__DUPLICATE_METHOD_MATCH = YES;
				COPY_PHASE_STRIP = NO;
				DEBUG_INFORMATION_FORMAT = "dwarf-with-dsym";
				ENABLE_NS_ASSERTIONS = NO;
				ENABLE_STRICT_OBJC_MSGSEND = YES;
				ENABLE_USER_SCRIPT_SANDBOXING = YES;
				GCC_C_LANGUAGE_STANDARD = gnu17;
				GCC_NO_COMMON_BLOCKS = YES;
				GCC_WARN_64_TO_32_BIT_CONVERSION = YES;
				GCC_WARN_ABOUT_RETURN_TYPE = YES_ERROR;
				GCC_WARN_UNDECLARED_SELECTOR = YES;
				GCC_WARN_UNINITIALIZED_AUTOS = YES_AGGRESSIVE;
				GCC_WARN_UNUSED_FUNCTION = YES;
				GCC_WARN_UNUSED_VARIABLE = YES;
				IPHONEOS_DEPLOYMENT_TARGET = 17.2;
				LOCALIZATION_PREFERS_STRING_CATALOGS = YES;
				MTL_ENABLE_DEBUG_INFO = NO;
				MTL_FAST_MATH = YES;
				SDKROOT = iphoneos;
				SWIFT_COMPILATION_MODE = wholemodule;
				VALIDATE_PRODUCT = YES;
			};
			name = Release;
		};
		F5B3271D2C453F1A0044983E /* Debug */ = {
			isa = XCBuildConfiguration;
			buildSettings = {
				ASSETCATALOG_COMPILER_APPICON_NAME = AppIcon;
				ASSETCATALOG_COMPILER_GLOBAL_ACCENT_COLOR_NAME = AccentColor;
				CODE_SIGN_STYLE = Automatic;
				CURRENT_PROJECT_VERSION = 1;
				DEVELOPMENT_ASSET_PATHS = "\"GridViewDemo/Preview Content\"";
				DEVELOPMENT_TEAM = 65M4MWT22C;
				ENABLE_PREVIEWS = YES;
				GENERATE_INFOPLIST_FILE = YES;
				INFOPLIST_KEY_UIApplicationSceneManifest_Generation = YES;
				INFOPLIST_KEY_UIApplicationSupportsIndirectInputEvents = YES;
				INFOPLIST_KEY_UILaunchScreen_Generation = YES;
				INFOPLIST_KEY_UISupportedInterfaceOrientations_iPad = "UIInterfaceOrientationPortrait UIInterfaceOrientationPortraitUpsideDown UIInterfaceOrientationLandscapeLeft UIInterfaceOrientationLandscapeRight";
				INFOPLIST_KEY_UISupportedInterfaceOrientations_iPhone = "UIInterfaceOrientationPortrait UIInterfaceOrientationLandscapeLeft UIInterfaceOrientationLandscapeRight";
				IPHONEOS_DEPLOYMENT_TARGET = 14.0;
				LD_RUNPATH_SEARCH_PATHS = (
					"$(inherited)",
					"@executable_path/Frameworks",
				);
				MARKETING_VERSION = 1.0;
				PRODUCT_BUNDLE_IDENTIFIER = com.nexdecade.GridViewDemo;
				PRODUCT_NAME = "$(TARGET_NAME)";
				SWIFT_EMIT_LOC_STRINGS = YES;
				SWIFT_VERSION = 5.0;
				TARGETED_DEVICE_FAMILY = "1,2";
			};
			name = Debug;
		};
		F5B3271E2C453F1A0044983E /* Release */ = {
			isa = XCBuildConfiguration;
			buildSettings = {
				ASSETCATALOG_COMPILER_APPICON_NAME = AppIcon;
				ASSETCATALOG_COMPILER_GLOBAL_ACCENT_COLOR_NAME = AccentColor;
				CODE_SIGN_STYLE = Automatic;
				CURRENT_PROJECT_VERSION = 1;
				DEVELOPMENT_ASSET_PATHS = "\"GridViewDemo/Preview Content\"";
				DEVELOPMENT_TEAM = 65M4MWT22C;
				ENABLE_PREVIEWS = YES;
				GENERATE_INFOPLIST_FILE = YES;
				INFOPLIST_KEY_UIApplicationSceneManifest_Generation = YES;
				INFOPLIST_KEY_UIApplicationSupportsIndirectInputEvents = YES;
				INFOPLIST_KEY_UILaunchScreen_Generation = YES;
				INFOPLIST_KEY_UISupportedInterfaceOrientations_iPad = "UIInterfaceOrientationPortrait UIInterfaceOrientationPortraitUpsideDown UIInterfaceOrientationLandscapeLeft UIInterfaceOrientationLandscapeRight";
				INFOPLIST_KEY_UISupportedInterfaceOrientations_iPhone = "UIInterfaceOrientationPortrait UIInterfaceOrientationLandscapeLeft UIInterfaceOrientationLandscapeRight";
				IPHONEOS_DEPLOYMENT_TARGET = 14.0;
				LD_RUNPATH_SEARCH_PATHS = (
					"$(inherited)",
					"@executable_path/Frameworks",
				);
				MARKETING_VERSION = 1.0;
				PRODUCT_BUNDLE_IDENTIFIER = com.nexdecade.GridViewDemo;
				PRODUCT_NAME = "$(TARGET_NAME)";
				SWIFT_EMIT_LOC_STRINGS = YES;
				SWIFT_VERSION = 5.0;
				TARGETED_DEVICE_FAMILY = "1,2";
			};
			name = Release;
		};
		F5B327202C453F1A0044983E /* Debug */ = {
			isa = XCBuildConfiguration;
			buildSettings = {
				ALWAYS_EMBED_SWIFT_STANDARD_LIBRARIES = YES;
				BUNDLE_LOADER = "$(TEST_HOST)";
				CODE_SIGN_STYLE = Automatic;
				CURRENT_PROJECT_VERSION = 1;
				DEVELOPMENT_TEAM = 65M4MWT22C;
				GENERATE_INFOPLIST_FILE = YES;
				IPHONEOS_DEPLOYMENT_TARGET = 17.2;
				MARKETING_VERSION = 1.0;
				PRODUCT_BUNDLE_IDENTIFIER = com.nexdecade.GridViewDemoTests;
				PRODUCT_NAME = "$(TARGET_NAME)";
				SWIFT_EMIT_LOC_STRINGS = NO;
				SWIFT_VERSION = 5.0;
				TARGETED_DEVICE_FAMILY = "1,2";
				TEST_HOST = "$(BUILT_PRODUCTS_DIR)/GridViewDemo.app/$(BUNDLE_EXECUTABLE_FOLDER_PATH)/GridViewDemo";
			};
			name = Debug;
		};
		F5B327212C453F1A0044983E /* Release */ = {
			isa = XCBuildConfiguration;
			buildSettings = {
				ALWAYS_EMBED_SWIFT_STANDARD_LIBRARIES = YES;
				BUNDLE_LOADER = "$(TEST_HOST)";
				CODE_SIGN_STYLE = Automatic;
				CURRENT_PROJECT_VERSION = 1;
				GENERATE_INFOPLIST_FILE = YES;
				IPHONEOS_DEPLOYMENT_TARGET = 17.2;
				MARKETING_VERSION = 1.0;
				PRODUCT_BUNDLE_IDENTIFIER = com.nexdecade.GridViewDemoTests;
				PRODUCT_NAME = "$(TARGET_NAME)";
				SWIFT_EMIT_LOC_STRINGS = NO;
				SWIFT_VERSION = 5.0;
				TARGETED_DEVICE_FAMILY = "1,2";
				TEST_HOST = "$(BUILT_PRODUCTS_DIR)/GridViewDemo.app/$(BUNDLE_EXECUTABLE_FOLDER_PATH)/GridViewDemo";
			};
			name = Release;
		};
		F5B327232C453F1A0044983E /* Debug */ = {
			isa = XCBuildConfiguration;
			buildSettings = {
				ALWAYS_EMBED_SWIFT_STANDARD_LIBRARIES = YES;
				CODE_SIGN_STYLE = Automatic;
				CURRENT_PROJECT_VERSION = 1;
				DEVELOPMENT_TEAM = 65M4MWT22C;
				GENERATE_INFOPLIST_FILE = YES;
				MARKETING_VERSION = 1.0;
				PRODUCT_BUNDLE_IDENTIFIER = com.nexdecade.GridViewDemoUITests;
				PRODUCT_NAME = "$(TARGET_NAME)";
				SWIFT_EMIT_LOC_STRINGS = NO;
				SWIFT_VERSION = 5.0;
				TARGETED_DEVICE_FAMILY = "1,2";
				TEST_TARGET_NAME = GridViewDemo;
			};
			name = Debug;
		};
		F5B327242C453F1A0044983E /* Release */ = {
			isa = XCBuildConfiguration;
			buildSettings = {
				ALWAYS_EMBED_SWIFT_STANDARD_LIBRARIES = YES;
				CODE_SIGN_STYLE = Automatic;
				CURRENT_PROJECT_VERSION = 1;
				GENERATE_INFOPLIST_FILE = YES;
				MARKETING_VERSION = 1.0;
				PRODUCT_BUNDLE_IDENTIFIER = com.nexdecade.GridViewDemoUITests;
				PRODUCT_NAME = "$(TARGET_NAME)";
				SWIFT_EMIT_LOC_STRINGS = NO;
				SWIFT_VERSION = 5.0;
				TARGETED_DEVICE_FAMILY = "1,2";
				TEST_TARGET_NAME = GridViewDemo;
			};
			name = Release;
		};
/* End XCBuildConfiguration section */

/* Begin XCConfigurationList section */
		F5B326F32C453F190044983E /* Build configuration list for PBXProject "GridViewDemo" */ = {
			isa = XCConfigurationList;
			buildConfigurations = (
				F5B3271A2C453F1A0044983E /* Debug */,
				F5B3271B2C453F1A0044983E /* Release */,
			);
			defaultConfigurationIsVisible = 0;
			defaultConfigurationName = Release;
		};
		F5B3271C2C453F1A0044983E /* Build configuration list for PBXNativeTarget "GridViewDemo" */ = {
			isa = XCConfigurationList;
			buildConfigurations = (
				F5B3271D2C453F1A0044983E /* Debug */,
				F5B3271E2C453F1A0044983E /* Release */,
			);
			defaultConfigurationIsVisible = 0;
			defaultConfigurationName = Release;
		};
		F5B3271F2C453F1A0044983E /* Build configuration list for PBXNativeTarget "GridViewDemoTests" */ = {
			isa = XCConfigurationList;
			buildConfigurations = (
				F5B327202C453F1A0044983E /* Debug */,
				F5B327212C453F1A0044983E /* Release */,
			);
			defaultConfigurationIsVisible = 0;
			defaultConfigurationName = Release;
		};
		F5B327222C453F1A0044983E /* Build configuration list for PBXNativeTarget "GridViewDemoUITests" */ = {
			isa = XCConfigurationList;
			buildConfigurations = (
				F5B327232C453F1A0044983E /* Debug */,
				F5B327242C453F1A0044983E /* Release */,
			);
			defaultConfigurationIsVisible = 0;
			defaultConfigurationName = Release;
		};
/* End XCConfigurationList section */

/* Begin XCRemoteSwiftPackageReference section */
		4B1003A92C454DE700E2CD02 /* XCRemoteSwiftPackageReference "SDWebImage" */ = {
			isa = XCRemoteSwiftPackageReference;
			repositoryURL = "https://github.com/SDWebImage/SDWebImage";
			requirement = {
				kind = upToNextMajorVersion;
				minimumVersion = 5.19.4;
			};
		};
		4B1003AE2C454E9600E2CD02 /* XCRemoteSwiftPackageReference "SDWebImageSwiftUI" */ = {
			isa = XCRemoteSwiftPackageReference;
			repositoryURL = "https://github.com/SDWebImage/SDWebImageSwiftUI";
			requirement = {
				kind = upToNextMajorVersion;
				minimumVersion = 3.1.1;
			};
		};
/* End XCRemoteSwiftPackageReference section */

/* Begin XCSwiftPackageProductDependency section */
		4B1003AA2C454E3F00E2CD02 /* SDWebImage */ = {
			isa = XCSwiftPackageProductDependency;
			package = 4B1003A92C454DE700E2CD02 /* XCRemoteSwiftPackageReference "SDWebImage" */;
			productName = SDWebImage;
		};
		4B1003AC2C454E3F00E2CD02 /* SDWebImageMapKit */ = {
			isa = XCSwiftPackageProductDependency;
			package = 4B1003A92C454DE700E2CD02 /* XCRemoteSwiftPackageReference "SDWebImage" */;
			productName = SDWebImageMapKit;
		};
		4B1003AF2C454E9600E2CD02 /* SDWebImageSwiftUI */ = {
			isa = XCSwiftPackageProductDependency;
			package = 4B1003AE2C454E9600E2CD02 /* XCRemoteSwiftPackageReference "SDWebImageSwiftUI" */;
			productName = SDWebImageSwiftUI;
		};
/* End XCSwiftPackageProductDependency section */
	};
	rootObject = F5B326F02C453F190044983E /* Project object */;
}
